
Microsoft Visual Studio Solution File, Format Version 12.00
# Visual Studio 15
VisualStudioVersion = 15.0.26228.9
MinimumVisualStudioVersion = 10.0.40219.1
Project("{FAE04EC0-301F-11D3-BF4B-00C04F79EFBC}") = "ShoppingCart.Service", "src\ShoppingCart.Service\ShoppingCart.Service.csproj", "{A3AA8FF1-529E-443F-BAE7-B911FC4BD9C2}"
EndProject
Project("{FAE04EC0-301F-11D3-BF4B-00C04F79EFBC}") = "ShoppingCart.Business", "src\ShoppingCart.Business\ShoppingCart.Business.csproj", "{DB0295F6-D033-4ACC-ABC1-54A9BE75ED55}"
EndProject
Project("{FAE04EC0-301F-11D3-BF4B-00C04F79EFBC}") = "ShoppingCart.Domain", "src\ShoppingCart.Domain\ShoppingCart.Domain.csproj", "{1084ABD0-3009-4DA8-9EBC-772F772C7D61}"
EndProject
Project("{FAE04EC0-301F-11D3-BF4B-00C04F79EFBC}") = "ShoppingCart.Abstractions", "src\ShoppingCart.Abstractions\ShoppingCart.Abstractions.csproj", "{061AD531-F56F-4D8D-95B9-A6ED2373B3DB}"
EndProject
Project("{FAE04EC0-301F-11D3-BF4B-00C04F79EFBC}") = "ShoppingCart.Common", "src\ShoppingCart.Common\ShoppingCart.Common.csproj", "{3F99CB63-59B0-4495-8F78-213F17B8729F}"
EndProject
Project("{FAE04EC0-301F-11D3-BF4B-00C04F79EFBC}") = "ShoppingCart.Business.Tests", "src\ShoppingCart.Business.Tests\ShoppingCart.Business.Tests.csproj", "{15899C41-9D4D-4E11-8FA9-8381481FF48F}"
EndProject
Project("{FAE04EC0-301F-11D3-BF4B-00C04F79EFBC}") = "ShoppingCart.Service.Test", "src\ShoppingCart.Service.Test\ShoppingCart.Service.Test.csproj", "{A497E4CF-A7AC-4B0A-8A72-AE849C84208B}"
EndProject
Project("{FAE04EC0-301F-11D3-BF4B-00C04F79EFBC}") = "ShoppingCart.ConsoleClient", "src\ShoppingCart.ConsoleClient\ShoppingCart.ConsoleClient.csproj", "{28776806-DA54-47CC-BB26-24C4373EB36E}"
EndProject
Global
	GlobalSection(SolutionConfigurationPlatforms) = preSolution
		Debug|Any CPU = Debug|Any CPU
		Release|Any CPU = Release|Any CPU
	EndGlobalSection
	GlobalSection(ProjectConfigurationPlatforms) = postSolution
		{A3AA8FF1-529E-443F-BAE7-B911FC4BD9C2}.Debug|Any CPU.ActiveCfg = Debug|Any CPU
		{A3AA8FF1-529E-443F-BAE7-B911FC4BD9C2}.Debug|Any CPU.Build.0 = Debug|Any CPU
		{A3AA8FF1-529E-443F-BAE7-B911FC4BD9C2}.Release|Any CPU.ActiveCfg = Release|Any CPU
		{A3AA8FF1-529E-443F-BAE7-B911FC4BD9C2}.Release|Any CPU.Build.0 = Release|Any CPU
		{DB0295F6-D033-4ACC-ABC1-54A9BE75ED55}.Debug|Any CPU.ActiveCfg = Debug|Any CPU
		{DB0295F6-D033-4ACC-ABC1-54A9BE75ED55}.Debug|Any CPU.Build.0 = Debug|Any CPU
		{DB0295F6-D033-4ACC-ABC1-54A9BE75ED55}.Release|Any CPU.ActiveCfg = Release|Any CPU
		{DB0295F6-D033-4ACC-ABC1-54A9BE75ED55}.Release|Any CPU.Build.0 = Release|Any CPU
		{1084ABD0-3009-4DA8-9EBC-772F772C7D61}.Debug|Any CPU.ActiveCfg = Debug|Any CPU
		{1084ABD0-3009-4DA8-9EBC-772F772C7D61}.Debug|Any CPU.Build.0 = Debug|Any CPU
		{1084ABD0-3009-4DA8-9EBC-772F772C7D61}.Release|Any CPU.ActiveCfg = Release|Any CPU
		{1084ABD0-3009-4DA8-9EBC-772F772C7D61}.Release|Any CPU.Build.0 = Release|Any CPU
		{061AD531-F56F-4D8D-95B9-A6ED2373B3DB}.Debug|Any CPU.ActiveCfg = Debug|Any CPU
		{061AD531-F56F-4D8D-95B9-A6ED2373B3DB}.Debug|Any CPU.Build.0 = Debug|Any CPU
		{061AD531-F56F-4D8D-95B9-A6ED2373B3DB}.Release|Any CPU.ActiveCfg = Release|Any CPU
		{061AD531-F56F-4D8D-95B9-A6ED2373B3DB}.Release|Any CPU.Build.0 = Release|Any CPU
		{3F99CB63-59B0-4495-8F78-213F17B8729F}.Debug|Any CPU.ActiveCfg = Debug|Any CPU
		{3F99CB63-59B0-4495-8F78-213F17B8729F}.Debug|Any CPU.Build.0 = Debug|Any CPU
		{3F99CB63-59B0-4495-8F78-213F17B8729F}.Release|Any CPU.ActiveCfg = Release|Any CPU
		{3F99CB63-59B0-4495-8F78-213F17B8729F}.Release|Any CPU.Build.0 = Release|Any CPU
		{15899C41-9D4D-4E11-8FA9-8381481FF48F}.Debug|Any CPU.ActiveCfg = Debug|Any CPU
		{15899C41-9D4D-4E11-8FA9-8381481FF48F}.Debug|Any CPU.Build.0 = Debug|Any CPU
		{15899C41-9D4D-4E11-8FA9-8381481FF48F}.Release|Any CPU.ActiveCfg = Release|Any CPU
		{15899C41-9D4D-4E11-8FA9-8381481FF48F}.Release|Any CPU.Build.0 = Release|Any CPU
		{A497E4CF-A7AC-4B0A-8A72-AE849C84208B}.Debug|Any CPU.ActiveCfg = Debug|Any CPU
		{A497E4CF-A7AC-4B0A-8A72-AE849C84208B}.Debug|Any CPU.Build.0 = Debug|Any CPU
		{A497E4CF-A7AC-4B0A-8A72-AE849C84208B}.Release|Any CPU.ActiveCfg = Release|Any CPU
		{A497E4CF-A7AC-4B0A-8A72-AE849C84208B}.Release|Any CPU.Build.0 = Release|Any CPU
		{28776806-DA54-47CC-BB26-24C4373EB36E}.Debug|Any CPU.ActiveCfg = Debug|Any CPU
		{28776806-DA54-47CC-BB26-24C4373EB36E}.Debug|Any CPU.Build.0 = Debug|Any CPU
		{28776806-DA54-47CC-BB26-24C4373EB36E}.Release|Any CPU.ActiveCfg = Release|Any CPU
		{28776806-DA54-47CC-BB26-24C4373EB36E}.Release|Any CPU.Build.0 = Release|Any CPU
	EndGlobalSection
	GlobalSection(SolutionProperties) = preSolution
		HideSolutionNode = FALSE
	EndGlobalSection
EndGlobal
